
Microsoft Visual Studio Solution File, Format Version 12.00
# Visual Studio 15
VisualStudioVersion = 15.0.28010.2041
MinimumVisualStudioVersion = 10.0.40219.1
Project("{FAE04EC0-301F-11D3-BF4B-00C04F79EFBC}") = "ProjetoMarvel", "ProjetoMarvel\ProjetoMarvel.csproj", "{03FD941E-1364-415B-9206-24D26A88FC9C}"
EndProject
Global
	GlobalSection(SolutionConfigurationPlatforms) = preSolution
		Debug|Any CPU = Debug|Any CPU
		Release|Any CPU = Release|Any CPU
	EndGlobalSection
	GlobalSection(ProjectConfigurationPlatforms) = postSolution
		{03FD941E-1364-415B-9206-24D26A88FC9C}.Debug|Any CPU.ActiveCfg = Debug|Any CPU
		{03FD941E-1364-415B-9206-24D26A88FC9C}.Debug|Any CPU.Build.0 = Debug|Any CPU
		{03FD941E-1364-415B-9206-24D26A88FC9C}.Release|Any CPU.ActiveCfg = Release|Any CPU
		{03FD941E-1364-415B-9206-24D26A88FC9C}.Release|Any CPU.Build.0 = Release|Any CPU
	EndGlobalSection
	GlobalSection(SolutionProperties) = preSolution
		HideSolutionNode = FALSE
	EndGlobalSection
	GlobalSection(ExtensibilityGlobals) = postSolution
		SolutionGuid = {9E7D9A3D-BD84-4A0F-964F-0BBAD5DDBC24}
	EndGlobalSection
EndGlobal
